
Microsoft Visual Studio Solution File, Format Version 12.00
# Visual Studio Version 17
VisualStudioVersion = 17.3.32611.2
MinimumVisualStudioVersion = 10.0.40219.1
Project("{FAE04EC0-301F-11D3-BF4B-00C04F79EFBC}") = "PassXYZ.Vault.Server", "PassXYZ.Vault\Server\PassXYZ.Vault.Server.csproj", "{D429007A-341C-43E6-A451-0EF1C0A3F1F1}"
EndProject
Project("{FAE04EC0-301F-11D3-BF4B-00C04F79EFBC}") = "PassXYZ.Vault.Client", "PassXYZ.Vault\Client\PassXYZ.Vault.Client.csproj", "{5FFA5F1C-E95F-4216-80E0-24159552AF29}"
EndProject
Project("{FAE04EC0-301F-11D3-BF4B-00C04F79EFBC}") = "PassXYZ.Vault.Shared", "PassXYZ.Vault\Shared\PassXYZ.Vault.Shared.csproj", "{62CC0983-3873-46A6-96A6-15EEC0DE3A2B}"
EndProject
Global
	GlobalSection(SolutionConfigurationPlatforms) = preSolution
		Debug|Any CPU = Debug|Any CPU
		Release|Any CPU = Release|Any CPU
	EndGlobalSection
	GlobalSection(ProjectConfigurationPlatforms) = postSolution
		{D429007A-341C-43E6-A451-0EF1C0A3F1F1}.Debug|Any CPU.ActiveCfg = Debug|Any CPU
		{D429007A-341C-43E6-A451-0EF1C0A3F1F1}.Debug|Any CPU.Build.0 = Debug|Any CPU
		{D429007A-341C-43E6-A451-0EF1C0A3F1F1}.Release|Any CPU.ActiveCfg = Release|Any CPU
		{D429007A-341C-43E6-A451-0EF1C0A3F1F1}.Release|Any CPU.Build.0 = Release|Any CPU
		{5FFA5F1C-E95F-4216-80E0-24159552AF29}.Debug|Any CPU.ActiveCfg = Debug|Any CPU
		{5FFA5F1C-E95F-4216-80E0-24159552AF29}.Debug|Any CPU.Build.0 = Debug|Any CPU
		{5FFA5F1C-E95F-4216-80E0-24159552AF29}.Release|Any CPU.ActiveCfg = Release|Any CPU
		{5FFA5F1C-E95F-4216-80E0-24159552AF29}.Release|Any CPU.Build.0 = Release|Any CPU
		{62CC0983-3873-46A6-96A6-15EEC0DE3A2B}.Debug|Any CPU.ActiveCfg = Debug|Any CPU
		{62CC0983-3873-46A6-96A6-15EEC0DE3A2B}.Debug|Any CPU.Build.0 = Debug|Any CPU
		{62CC0983-3873-46A6-96A6-15EEC0DE3A2B}.Release|Any CPU.ActiveCfg = Release|Any CPU
		{62CC0983-3873-46A6-96A6-15EEC0DE3A2B}.Release|Any CPU.Build.0 = Release|Any CPU
	EndGlobalSection
	GlobalSection(SolutionProperties) = preSolution
		HideSolutionNode = FALSE
	EndGlobalSection
	GlobalSection(ExtensibilityGlobals) = postSolution
		SolutionGuid = {5EB966D0-3160-4B7B-A98E-9F9A1F433F0C}
	EndGlobalSection
EndGlobal
